
Microsoft Visual Studio Solution File, Format Version 12.00
# Visual Studio Version 17
VisualStudioVersion = 17.13.35913.81 d17.13
MinimumVisualStudioVersion = 10.0.40219.1
Project("{54A90642-561A-4BB1-A94E-469ADEE60C69}") = "fabrik3d.client", "fabrik3d.client\fabrik3d.client.esproj", "{679F845C-FE17-DA62-5A35-4437E96E1F7F}"
EndProject
Project("{FAE04EC0-301F-11D3-BF4B-00C04F79EFBC}") = "Fabrik3D.Server", "Fabrik3D.Server\Fabrik3D.Server.csproj", "{46EE1E16-3476-41E3-9B8B-BAA019181CCE}"
EndProject
Global
	GlobalSection(SolutionConfigurationPlatforms) = preSolution
		Debug|Any CPU = Debug|Any CPU
		Release|Any CPU = Release|Any CPU
	EndGlobalSection
	GlobalSection(ProjectConfigurationPlatforms) = postSolution
		{679F845C-FE17-DA62-5A35-4437E96E1F7F}.Debug|Any CPU.ActiveCfg = Debug|Any CPU
		{679F845C-FE17-DA62-5A35-4437E96E1F7F}.Debug|Any CPU.Build.0 = Debug|Any CPU
		{679F845C-FE17-DA62-5A35-4437E96E1F7F}.Debug|Any CPU.Deploy.0 = Debug|Any CPU
		{679F845C-FE17-DA62-5A35-4437E96E1F7F}.Release|Any CPU.ActiveCfg = Release|Any CPU
		{679F845C-FE17-DA62-5A35-4437E96E1F7F}.Release|Any CPU.Build.0 = Release|Any CPU
		{679F845C-FE17-DA62-5A35-4437E96E1F7F}.Release|Any CPU.Deploy.0 = Release|Any CPU
		{46EE1E16-3476-41E3-9B8B-BAA019181CCE}.Debug|Any CPU.ActiveCfg = Debug|Any CPU
		{46EE1E16-3476-41E3-9B8B-BAA019181CCE}.Debug|Any CPU.Build.0 = Debug|Any CPU
		{46EE1E16-3476-41E3-9B8B-BAA019181CCE}.Release|Any CPU.ActiveCfg = Release|Any CPU
		{46EE1E16-3476-41E3-9B8B-BAA019181CCE}.Release|Any CPU.Build.0 = Release|Any CPU
	EndGlobalSection
	GlobalSection(SolutionProperties) = preSolution
		HideSolutionNode = FALSE
	EndGlobalSection
	GlobalSection(ExtensibilityGlobals) = postSolution
		SolutionGuid = {BEF82887-622C-4E9A-8ECE-104EA77E9741}
	EndGlobalSection
EndGlobal
