
Microsoft Visual Studio Solution File, Format Version 12.00
# Visual Studio Version 17
VisualStudioVersion = 17.13.35919.96 d17.13
MinimumVisualStudioVersion = 10.0.40219.1
Project("{54A90642-561A-4BB1-A94E-469ADEE60C69}") = "fabrik3dlite.client", "fabrik3dlite.client\fabrik3dlite.client.esproj", "{947BF1C4-8C0B-0C24-5070-D42ED7C19B5F}"
EndProject
Project("{FAE04EC0-301F-11D3-BF4B-00C04F79EFBC}") = "Fabrik3dLite.Server", "Fabrik3dLite.Server\Fabrik3dLite.Server.csproj", "{6409192A-935F-48A8-A9A9-FF32294A6F4E}"
EndProject
Global
	GlobalSection(SolutionConfigurationPlatforms) = preSolution
		Debug|Any CPU = Debug|Any CPU
		Release|Any CPU = Release|Any CPU
	EndGlobalSection
	GlobalSection(ProjectConfigurationPlatforms) = postSolution
		{947BF1C4-8C0B-0C24-5070-D42ED7C19B5F}.Debug|Any CPU.ActiveCfg = Debug|Any CPU
		{947BF1C4-8C0B-0C24-5070-D42ED7C19B5F}.Debug|Any CPU.Build.0 = Debug|Any CPU
		{947BF1C4-8C0B-0C24-5070-D42ED7C19B5F}.Debug|Any CPU.Deploy.0 = Debug|Any CPU
		{947BF1C4-8C0B-0C24-5070-D42ED7C19B5F}.Release|Any CPU.ActiveCfg = Release|Any CPU
		{947BF1C4-8C0B-0C24-5070-D42ED7C19B5F}.Release|Any CPU.Build.0 = Release|Any CPU
		{947BF1C4-8C0B-0C24-5070-D42ED7C19B5F}.Release|Any CPU.Deploy.0 = Release|Any CPU
		{6409192A-935F-48A8-A9A9-FF32294A6F4E}.Debug|Any CPU.ActiveCfg = Debug|Any CPU
		{6409192A-935F-48A8-A9A9-FF32294A6F4E}.Debug|Any CPU.Build.0 = Debug|Any CPU
		{6409192A-935F-48A8-A9A9-FF32294A6F4E}.Release|Any CPU.ActiveCfg = Release|Any CPU
		{6409192A-935F-48A8-A9A9-FF32294A6F4E}.Release|Any CPU.Build.0 = Release|Any CPU
	EndGlobalSection
	GlobalSection(SolutionProperties) = preSolution
		HideSolutionNode = FALSE
	EndGlobalSection
	GlobalSection(ExtensibilityGlobals) = postSolution
		SolutionGuid = {1BD49235-E0F2-4FBD-882F-96E000B95021}
	EndGlobalSection
EndGlobal
